
Microsoft Visual Studio Solution File, Format Version 12.00
# Visual Studio 15
VisualStudioVersion = 15.0.28010.2026
MinimumVisualStudioVersion = 10.0.40219.1
Project("{FAE04EC0-301F-11D3-BF4B-00C04F79EFBC}") = "Parketin", "Parketin.csproj", "{D14145BF-5E9E-4547-B036-2DF542930970}"
EndProject
Global
	GlobalSection(SolutionConfigurationPlatforms) = preSolution
		Debug|Any CPU = Debug|Any CPU
		Release|Any CPU = Release|Any CPU
	EndGlobalSection
	GlobalSection(ProjectConfigurationPlatforms) = postSolution
		{D14145BF-5E9E-4547-B036-2DF542930970}.Debug|Any CPU.ActiveCfg = Debug|Any CPU
		{D14145BF-5E9E-4547-B036-2DF542930970}.Debug|Any CPU.Build.0 = Debug|Any CPU
		{D14145BF-5E9E-4547-B036-2DF542930970}.Release|Any CPU.ActiveCfg = Release|Any CPU
		{D14145BF-5E9E-4547-B036-2DF542930970}.Release|Any CPU.Build.0 = Release|Any CPU
	EndGlobalSection
	GlobalSection(SolutionProperties) = preSolution
		HideSolutionNode = FALSE
	EndGlobalSection
	GlobalSection(ExtensibilityGlobals) = postSolution
		SolutionGuid = {9BACF898-60AD-457A-BD14-93427F6FA59E}
	EndGlobalSection
EndGlobal
